// !$*UTF8*$!
{
	archiveVersion = 1;
	classes = {
	};
	objectVersion = 46;
	objects = {

/* Begin PBXAggregateTarget section */
		"Pigeon::Pigeon::ProductTarget" /* Pigeon */ = {
			isa = PBXAggregateTarget;
			buildConfigurationList = OBJ_36 /* Build configuration list for PBXAggregateTarget "Pigeon" */;
			buildPhases = (
				1AF1C832268CCE26006F1582 /* SwiftLint */,
			);
			dependencies = (
				OBJ_39 /* PBXTargetDependency */,
			);
			name = Pigeon;
			productName = Pigeon;
		};
		"Pigeon::PigeonPackageTests::ProductTarget" /* PigeonPackageTests */ = {
			isa = PBXAggregateTarget;
			buildConfigurationList = OBJ_48 /* Build configuration list for PBXAggregateTarget "PigeonPackageTests" */;
			buildPhases = (
			);
			dependencies = (
				OBJ_51 /* PBXTargetDependency */,
			);
			name = PigeonPackageTests;
			productName = PigeonPackageTests;
		};
/* End PBXAggregateTarget section */

/* Begin PBXBuildFile section */
		1A7D47CD26DC27B6002292A6 /* PigegonLogType.swift in Sources */ = {isa = PBXBuildFile; fileRef = 1A7D47CC26DC27B6002292A6 /* PigegonLogType.swift */; };
		C108149326CB550100896ADD /* GET_Mock_Response_Without_Request.json in Resources */ = {isa = PBXBuildFile; fileRef = C108148226CADBD900896ADD /* GET_Mock_Response_Without_Request.json */; };
		C108149426CB550100896ADD /* POST_Mock_Response_With_Dates_In_Request.json in Resources */ = {isa = PBXBuildFile; fileRef = C108148126CADBD900896ADD /* POST_Mock_Response_With_Dates_In_Request.json */; };
		C108149526CB550100896ADD /* POST_Mock_Response.json in Resources */ = {isa = PBXBuildFile; fileRef = C108148026CADBD900896ADD /* POST_Mock_Response.json */; };
		C108149626CB550100896ADD /* GET_Mock_Response.json in Resources */ = {isa = PBXBuildFile; fileRef = C1C0580626C4D93200E5FCC2 /* GET_Mock_Response.json */; };
		C1C0580B26C623D100E5FCC2 /* MockURLSessionRequestValidationTests.swift in Sources */ = {isa = PBXBuildFile; fileRef = C1C0580A26C623D100E5FCC2 /* MockURLSessionRequestValidationTests.swift */; };
		C1F5C04E26C85CD7000E883B /* URLRequest.swift in Sources */ = {isa = PBXBuildFile; fileRef = C1F5C04D26C85CD6000E883B /* URLRequest.swift */; };
		C1F5C05326C85CE6000E883B /* MockURLSession.swift in Sources */ = {isa = PBXBuildFile; fileRef = C1F5C05026C85CE6000E883B /* MockURLSession.swift */; };
		C1F5C05426C85CE6000E883B /* MockURLSessionError.swift in Sources */ = {isa = PBXBuildFile; fileRef = C1F5C05126C85CE6000E883B /* MockURLSessionError.swift */; };
		C1F5C05526C85CE6000E883B /* RequestValidationMode.swift in Sources */ = {isa = PBXBuildFile; fileRef = C1F5C05226C85CE6000E883B /* RequestValidationMode.swift */; };
		C1F5C05626C85CFB000E883B /* RecordURLSession.swift in Sources */ = {isa = PBXBuildFile; fileRef = OBJ_13 /* RecordURLSession.swift */; };
		OBJ_46 /* Package.swift in Sources */ = {isa = PBXBuildFile; fileRef = OBJ_6 /* Package.swift */; };
		OBJ_57 /* APIRequest.swift in Sources */ = {isa = PBXBuildFile; fileRef = OBJ_9 /* APIRequest.swift */; };
		OBJ_58 /* APIService.swift in Sources */ = {isa = PBXBuildFile; fileRef = OBJ_10 /* APIService.swift */; };
		OBJ_61 /* URLSession.swift in Sources */ = {isa = PBXBuildFile; fileRef = OBJ_14 /* URLSession.swift */; };
		OBJ_62 /* HTTPURLResponse.swift in Sources */ = {isa = PBXBuildFile; fileRef = OBJ_16 /* HTTPURLResponse.swift */; };
		OBJ_69 /* APIRequestTests.swift in Sources */ = {isa = PBXBuildFile; fileRef = OBJ_20 /* APIRequestTests.swift */; };
		OBJ_70 /* APIServiceTests.swift in Sources */ = {isa = PBXBuildFile; fileRef = OBJ_21 /* APIServiceTests.swift */; };
		OBJ_71 /* EmptyBodyTests.swift in Sources */ = {isa = PBXBuildFile; fileRef = OBJ_22 /* EmptyBodyTests.swift */; };
		OBJ_72 /* HTTPURLResponseTests.swift in Sources */ = {isa = PBXBuildFile; fileRef = OBJ_23 /* HTTPURLResponseTests.swift */; };
		OBJ_74 /* Helpers.swift in Sources */ = {isa = PBXBuildFile; fileRef = OBJ_26 /* Helpers.swift */; };
		OBJ_75 /* NetworkHelpers.swift in Sources */ = {isa = PBXBuildFile; fileRef = OBJ_27 /* NetworkHelpers.swift */; };
		OBJ_76 /* TestSubscriber.swift in Sources */ = {isa = PBXBuildFile; fileRef = OBJ_28 /* TestSubscriber.swift */; };
		OBJ_78 /* PigeonService.framework in Frameworks */ = {isa = PBXBuildFile; fileRef = "Pigeon::PigeonService::Product" /* PigeonService.framework */; };
/* End PBXBuildFile section */

/* Begin PBXContainerItemProxy section */
		1AF1C82F268CCE18006F1582 /* PBXContainerItemProxy */ = {
			isa = PBXContainerItemProxy;
			containerPortal = OBJ_1 /* Project object */;
			proxyType = 1;
			remoteGlobalIDString = "Pigeon::PigeonService";
			remoteInfo = PigeonService;
		};
		1AF1C830268CCE18006F1582 /* PBXContainerItemProxy */ = {
			isa = PBXContainerItemProxy;
			containerPortal = OBJ_1 /* Project object */;
			proxyType = 1;
			remoteGlobalIDString = "Pigeon::PigeonService";
			remoteInfo = PigeonService;
		};
		1AF1C831268CCE18006F1582 /* PBXContainerItemProxy */ = {
			isa = PBXContainerItemProxy;
			containerPortal = OBJ_1 /* Project object */;
			proxyType = 1;
			remoteGlobalIDString = "Pigeon::UnitTests";
			remoteInfo = UnitTests;
		};
/* End PBXContainerItemProxy section */

/* Begin PBXFileReference section */
		1A7D47CC26DC27B6002292A6 /* PigegonLogType.swift */ = {isa = PBXFileReference; fileEncoding = 4; lastKnownFileType = sourcecode.swift; path = PigegonLogType.swift; sourceTree = "<group>"; };
		C108148026CADBD900896ADD /* POST_Mock_Response.json */ = {isa = PBXFileReference; fileEncoding = 4; lastKnownFileType = text.json; path = POST_Mock_Response.json; sourceTree = "<group>"; };
		C108148126CADBD900896ADD /* POST_Mock_Response_With_Dates_In_Request.json */ = {isa = PBXFileReference; fileEncoding = 4; lastKnownFileType = text.json; path = POST_Mock_Response_With_Dates_In_Request.json; sourceTree = "<group>"; };
		C108148226CADBD900896ADD /* GET_Mock_Response_Without_Request.json */ = {isa = PBXFileReference; fileEncoding = 4; lastKnownFileType = text.json; path = GET_Mock_Response_Without_Request.json; sourceTree = "<group>"; };
		C1C0580626C4D93200E5FCC2 /* GET_Mock_Response.json */ = {isa = PBXFileReference; lastKnownFileType = text.json; path = GET_Mock_Response.json; sourceTree = "<group>"; };
		C1C0580A26C623D100E5FCC2 /* MockURLSessionRequestValidationTests.swift */ = {isa = PBXFileReference; fileEncoding = 4; lastKnownFileType = sourcecode.swift; path = MockURLSessionRequestValidationTests.swift; sourceTree = "<group>"; };
		C1F5C04D26C85CD6000E883B /* URLRequest.swift */ = {isa = PBXFileReference; fileEncoding = 4; lastKnownFileType = sourcecode.swift; path = URLRequest.swift; sourceTree = "<group>"; };
		C1F5C05026C85CE6000E883B /* MockURLSession.swift */ = {isa = PBXFileReference; fileEncoding = 4; lastKnownFileType = sourcecode.swift; path = MockURLSession.swift; sourceTree = "<group>"; };
		C1F5C05126C85CE6000E883B /* MockURLSessionError.swift */ = {isa = PBXFileReference; fileEncoding = 4; lastKnownFileType = sourcecode.swift; path = MockURLSessionError.swift; sourceTree = "<group>"; };
		C1F5C05226C85CE6000E883B /* RequestValidationMode.swift */ = {isa = PBXFileReference; fileEncoding = 4; lastKnownFileType = sourcecode.swift; path = RequestValidationMode.swift; sourceTree = "<group>"; };
		OBJ_10 /* APIService.swift */ = {isa = PBXFileReference; lastKnownFileType = sourcecode.swift; path = APIService.swift; sourceTree = "<group>"; };
		OBJ_13 /* RecordURLSession.swift */ = {isa = PBXFileReference; lastKnownFileType = sourcecode.swift; path = RecordURLSession.swift; sourceTree = "<group>"; };
		OBJ_14 /* URLSession.swift */ = {isa = PBXFileReference; lastKnownFileType = sourcecode.swift; path = URLSession.swift; sourceTree = "<group>"; };
		OBJ_16 /* HTTPURLResponse.swift */ = {isa = PBXFileReference; lastKnownFileType = sourcecode.swift; path = HTTPURLResponse.swift; sourceTree = "<group>"; };
		OBJ_20 /* APIRequestTests.swift */ = {isa = PBXFileReference; lastKnownFileType = sourcecode.swift; path = APIRequestTests.swift; sourceTree = "<group>"; };
		OBJ_21 /* APIServiceTests.swift */ = {isa = PBXFileReference; lastKnownFileType = sourcecode.swift; path = APIServiceTests.swift; sourceTree = "<group>"; };
		OBJ_22 /* EmptyBodyTests.swift */ = {isa = PBXFileReference; lastKnownFileType = sourcecode.swift; path = EmptyBodyTests.swift; sourceTree = "<group>"; };
		OBJ_23 /* HTTPURLResponseTests.swift */ = {isa = PBXFileReference; lastKnownFileType = sourcecode.swift; path = HTTPURLResponseTests.swift; sourceTree = "<group>"; };
		OBJ_26 /* Helpers.swift */ = {isa = PBXFileReference; lastKnownFileType = sourcecode.swift; path = Helpers.swift; sourceTree = "<group>"; };
		OBJ_27 /* NetworkHelpers.swift */ = {isa = PBXFileReference; lastKnownFileType = sourcecode.swift; path = NetworkHelpers.swift; sourceTree = "<group>"; };
		OBJ_28 /* TestSubscriber.swift */ = {isa = PBXFileReference; lastKnownFileType = sourcecode.swift; path = TestSubscriber.swift; sourceTree = "<group>"; };
		OBJ_32 /* README */ = {isa = PBXFileReference; lastKnownFileType = folder; path = README; sourceTree = SOURCE_ROOT; };
		OBJ_33 /* scripts */ = {isa = PBXFileReference; lastKnownFileType = folder; path = scripts; sourceTree = SOURCE_ROOT; };
		OBJ_34 /* README.md */ = {isa = PBXFileReference; lastKnownFileType = net.daringfireball.markdown; path = README.md; sourceTree = "<group>"; };
		OBJ_6 /* Package.swift */ = {isa = PBXFileReference; explicitFileType = sourcecode.swift; path = Package.swift; sourceTree = "<group>"; };
		OBJ_9 /* APIRequest.swift */ = {isa = PBXFileReference; lastKnownFileType = sourcecode.swift; path = APIRequest.swift; sourceTree = "<group>"; };
		"Pigeon::PigeonService::Product" /* PigeonService.framework */ = {isa = PBXFileReference; lastKnownFileType = wrapper.framework; path = PigeonService.framework; sourceTree = BUILT_PRODUCTS_DIR; };
		"Pigeon::UnitTests::Product" /* UnitTests.xctest */ = {isa = PBXFileReference; explicitFileType = wrapper.cfbundle; path = UnitTests.xctest; sourceTree = BUILT_PRODUCTS_DIR; };
/* End PBXFileReference section */

/* Begin PBXFrameworksBuildPhase section */
		OBJ_64 /* Frameworks */ = {
			isa = PBXFrameworksBuildPhase;
			buildActionMask = 0;
			files = (
			);
			runOnlyForDeploymentPostprocessing = 0;
		};
		OBJ_77 /* Frameworks */ = {
			isa = PBXFrameworksBuildPhase;
			buildActionMask = 0;
			files = (
				OBJ_78 /* PigeonService.framework in Frameworks */,
			);
			runOnlyForDeploymentPostprocessing = 0;
		};
/* End PBXFrameworksBuildPhase section */

/* Begin PBXGroup section */
		C1C0580226C4433B00E5FCC2 /* URLSession */ = {
			isa = PBXGroup;
			children = (
				C1C0580A26C623D100E5FCC2 /* MockURLSessionRequestValidationTests.swift */,
			);
			name = URLSession;
			path = Tests/UnitTests/URLSession;
			sourceTree = "<group>";
		};
		C1C0580526C4D8CD00E5FCC2 /* Resources */ = {
			isa = PBXGroup;
			children = (
				C108148226CADBD900896ADD /* GET_Mock_Response_Without_Request.json */,
				C108148126CADBD900896ADD /* POST_Mock_Response_With_Dates_In_Request.json */,
				C108148026CADBD900896ADD /* POST_Mock_Response.json */,
				C1C0580626C4D93200E5FCC2 /* GET_Mock_Response.json */,
			);
			path = Resources;
			sourceTree = "<group>";
		};
		C1F5C04F26C85CE6000E883B /* MockURLSession */ = {
			isa = PBXGroup;
			children = (
				C1F5C05026C85CE6000E883B /* MockURLSession.swift */,
				C1F5C05126C85CE6000E883B /* MockURLSessionError.swift */,
				C1F5C05226C85CE6000E883B /* RequestValidationMode.swift */,
			);
			path = MockURLSession;
			sourceTree = "<group>";
		};
		OBJ_11 /* URLSession */ = {
			isa = PBXGroup;
			children = (
				C1F5C04F26C85CE6000E883B /* MockURLSession */,
				OBJ_13 /* RecordURLSession.swift */,
				C1F5C04D26C85CD6000E883B /* URLRequest.swift */,
				OBJ_14 /* URLSession.swift */,
			);
			path = URLSession;
			sourceTree = "<group>";
		};
		OBJ_15 /* Utilities */ = {
			isa = PBXGroup;
			children = (
				1A7D47CC26DC27B6002292A6 /* PigegonLogType.swift */,
				OBJ_16 /* HTTPURLResponse.swift */,
			);
			path = Utilities;
			sourceTree = "<group>";
		};
		OBJ_18 /* Tests */ = {
			isa = PBXGroup;
			children = (
				OBJ_19 /* UnitTests */,
				C1C0580226C4433B00E5FCC2 /* URLSession */,
			);
			name = Tests;
			sourceTree = SOURCE_ROOT;
		};
		OBJ_19 /* UnitTests */ = {
			isa = PBXGroup;
			children = (
				C1C0580526C4D8CD00E5FCC2 /* Resources */,
				OBJ_20 /* APIRequestTests.swift */,
				OBJ_21 /* APIServiceTests.swift */,
				OBJ_22 /* EmptyBodyTests.swift */,
				OBJ_23 /* HTTPURLResponseTests.swift */,
				OBJ_25 /* Utilities */,
			);
			name = UnitTests;
			path = Tests/UnitTests;
			sourceTree = SOURCE_ROOT;
		};
		OBJ_25 /* Utilities */ = {
			isa = PBXGroup;
			children = (
				OBJ_26 /* Helpers.swift */,
				OBJ_27 /* NetworkHelpers.swift */,
				OBJ_28 /* TestSubscriber.swift */,
			);
			path = Utilities;
			sourceTree = "<group>";
		};
		OBJ_29 /* Products */ = {
			isa = PBXGroup;
			children = (
				"Pigeon::PigeonService::Product" /* PigeonService.framework */,
				"Pigeon::UnitTests::Product" /* UnitTests.xctest */,
			);
			name = Products;
			sourceTree = BUILT_PRODUCTS_DIR;
		};
		OBJ_5 = {
			isa = PBXGroup;
			children = (
				OBJ_6 /* Package.swift */,
				OBJ_7 /* Sources */,
				OBJ_18 /* Tests */,
				OBJ_29 /* Products */,
				OBJ_32 /* README */,
				OBJ_33 /* scripts */,
				OBJ_34 /* README.md */,
			);
			sourceTree = "<group>";
		};
		OBJ_7 /* Sources */ = {
			isa = PBXGroup;
			children = (
				OBJ_8 /* PigeonService */,
			);
			name = Sources;
			sourceTree = SOURCE_ROOT;
		};
		OBJ_8 /* PigeonService */ = {
			isa = PBXGroup;
			children = (
				OBJ_9 /* APIRequest.swift */,
				OBJ_10 /* APIService.swift */,
				OBJ_11 /* URLSession */,
				OBJ_15 /* Utilities */,
			);
			name = PigeonService;
			path = Sources/PigeonService;
			sourceTree = SOURCE_ROOT;
		};
/* End PBXGroup section */

/* Begin PBXNativeTarget section */
		"Pigeon::PigeonService" /* PigeonService */ = {
			isa = PBXNativeTarget;
			buildConfigurationList = OBJ_53 /* Build configuration list for PBXNativeTarget "PigeonService" */;
			buildPhases = (
				OBJ_56 /* Sources */,
				OBJ_64 /* Frameworks */,
			);
			buildRules = (
			);
			dependencies = (
			);
			name = PigeonService;
			productName = PigeonService;
			productReference = "Pigeon::PigeonService::Product" /* PigeonService.framework */;
			productType = "com.apple.product-type.framework";
		};
		"Pigeon::SwiftPMPackageDescription" /* PigeonPackageDescription */ = {
			isa = PBXNativeTarget;
			buildConfigurationList = OBJ_42 /* Build configuration list for PBXNativeTarget "PigeonPackageDescription" */;
			buildPhases = (
				OBJ_45 /* Sources */,
			);
			buildRules = (
			);
			dependencies = (
			);
			name = PigeonPackageDescription;
			productName = PigeonPackageDescription;
			productType = "com.apple.product-type.framework";
		};
		"Pigeon::UnitTests" /* UnitTests */ = {
			isa = PBXNativeTarget;
			buildConfigurationList = OBJ_65 /* Build configuration list for PBXNativeTarget "UnitTests" */;
			buildPhases = (
				OBJ_68 /* Sources */,
				OBJ_77 /* Frameworks */,
				C108149226CB54EF00896ADD /* Resources */,
			);
			buildRules = (
			);
			dependencies = (
				OBJ_79 /* PBXTargetDependency */,
			);
			name = UnitTests;
			productName = UnitTests;
			productReference = "Pigeon::UnitTests::Product" /* UnitTests.xctest */;
			productType = "com.apple.product-type.bundle.unit-test";
		};
/* End PBXNativeTarget section */

/* Begin PBXProject section */
		OBJ_1 /* Project object */ = {
			isa = PBXProject;
			attributes = {
				LastSwiftMigration = 9999;
				LastUpgradeCheck = 9999;
			};
			buildConfigurationList = OBJ_2 /* Build configuration list for PBXProject "Pigeon" */;
			compatibilityVersion = "Xcode 3.2";
			developmentRegion = en;
			hasScannedForEncodings = 0;
			knownRegions = (
				en,
			);
			mainGroup = OBJ_5;
			productRefGroup = OBJ_29 /* Products */;
			projectDirPath = "";
			projectRoot = "";
			targets = (
				"Pigeon::Pigeon::ProductTarget" /* Pigeon */,
				"Pigeon::SwiftPMPackageDescription" /* PigeonPackageDescription */,
				"Pigeon::PigeonPackageTests::ProductTarget" /* PigeonPackageTests */,
				"Pigeon::PigeonService" /* PigeonService */,
				"Pigeon::UnitTests" /* UnitTests */,
			);
		};
/* End PBXProject section */

/* Begin PBXResourcesBuildPhase section */
		C108149226CB54EF00896ADD /* Resources */ = {
			isa = PBXResourcesBuildPhase;
			buildActionMask = 2147483647;
			files = (
				C108149326CB550100896ADD /* GET_Mock_Response_Without_Request.json in Resources */,
				C108149426CB550100896ADD /* POST_Mock_Response_With_Dates_In_Request.json in Resources */,
				C108149526CB550100896ADD /* POST_Mock_Response.json in Resources */,
				C108149626CB550100896ADD /* GET_Mock_Response.json in Resources */,
			);
			runOnlyForDeploymentPostprocessing = 0;
		};
/* End PBXResourcesBuildPhase section */

/* Begin PBXShellScriptBuildPhase section */
		1AF1C832268CCE26006F1582 /* SwiftLint */ = {
			isa = PBXShellScriptBuildPhase;
			buildActionMask = 2147483647;
			files = (
			);
			inputFileListPaths = (
			);
			inputPaths = (
			);
			name = SwiftLint;
			outputFileListPaths = (
			);
			outputPaths = (
			);
			runOnlyForDeploymentPostprocessing = 0;
			shellPath = /bin/sh;
			shellScript = "if which swiftlint >/dev/null; then\n  swiftlint\nelse\n  echo \"warning: SwiftLint not installed, download from https://github.com/realm/SwiftLint\"\nfi\n";
		};
/* End PBXShellScriptBuildPhase section */

/* Begin PBXSourcesBuildPhase section */
		OBJ_45 /* Sources */ = {
			isa = PBXSourcesBuildPhase;
			buildActionMask = 0;
			files = (
				OBJ_46 /* Package.swift in Sources */,
			);
			runOnlyForDeploymentPostprocessing = 0;
		};
		OBJ_56 /* Sources */ = {
			isa = PBXSourcesBuildPhase;
			buildActionMask = 0;
			files = (
				OBJ_57 /* APIRequest.swift in Sources */,
				OBJ_58 /* APIService.swift in Sources */,
				C1F5C04E26C85CD7000E883B /* URLRequest.swift in Sources */,
				C1F5C05326C85CE6000E883B /* MockURLSession.swift in Sources */,
				OBJ_61 /* URLSession.swift in Sources */,
				C1F5C05526C85CE6000E883B /* RequestValidationMode.swift in Sources */,
				1A7D47CD26DC27B6002292A6 /* PigegonLogType.swift in Sources */,
				C1F5C05626C85CFB000E883B /* RecordURLSession.swift in Sources */,
				OBJ_62 /* HTTPURLResponse.swift in Sources */,
				C1F5C05426C85CE6000E883B /* MockURLSessionError.swift in Sources */,
			);
			runOnlyForDeploymentPostprocessing = 0;
		};
		OBJ_68 /* Sources */ = {
			isa = PBXSourcesBuildPhase;
			buildActionMask = 0;
			files = (
				OBJ_69 /* APIRequestTests.swift in Sources */,
				OBJ_70 /* APIServiceTests.swift in Sources */,
				OBJ_71 /* EmptyBodyTests.swift in Sources */,
				OBJ_72 /* HTTPURLResponseTests.swift in Sources */,
				OBJ_74 /* Helpers.swift in Sources */,
				C1C0580B26C623D100E5FCC2 /* MockURLSessionRequestValidationTests.swift in Sources */,
				OBJ_75 /* NetworkHelpers.swift in Sources */,
				OBJ_76 /* TestSubscriber.swift in Sources */,
			);
			runOnlyForDeploymentPostprocessing = 0;
		};
/* End PBXSourcesBuildPhase section */

/* Begin PBXTargetDependency section */
		OBJ_39 /* PBXTargetDependency */ = {
			isa = PBXTargetDependency;
			target = "Pigeon::PigeonService" /* PigeonService */;
			targetProxy = 1AF1C830268CCE18006F1582 /* PBXContainerItemProxy */;
		};
		OBJ_51 /* PBXTargetDependency */ = {
			isa = PBXTargetDependency;
			target = "Pigeon::UnitTests" /* UnitTests */;
			targetProxy = 1AF1C831268CCE18006F1582 /* PBXContainerItemProxy */;
		};
		OBJ_79 /* PBXTargetDependency */ = {
			isa = PBXTargetDependency;
			target = "Pigeon::PigeonService" /* PigeonService */;
			targetProxy = 1AF1C82F268CCE18006F1582 /* PBXContainerItemProxy */;
		};
/* End PBXTargetDependency section */

/* Begin XCBuildConfiguration section */
		OBJ_3 /* Debug */ = {
			isa = XCBuildConfiguration;
			buildSettings = {
				CLANG_ENABLE_OBJC_ARC = YES;
				COMBINE_HIDPI_IMAGES = YES;
				COPY_PHASE_STRIP = NO;
				DEBUG_INFORMATION_FORMAT = dwarf;
				DYLIB_INSTALL_NAME_BASE = "@rpath";
				ENABLE_NS_ASSERTIONS = YES;
				GCC_OPTIMIZATION_LEVEL = 0;
				GCC_PREPROCESSOR_DEFINITIONS = (
					"$(inherited)",
					"SWIFT_PACKAGE=1",
					"DEBUG=1",
				);
				MACOSX_DEPLOYMENT_TARGET = 10.10;
				ONLY_ACTIVE_ARCH = YES;
				OTHER_SWIFT_FLAGS = "$(inherited) -DXcode";
				PRODUCT_NAME = "$(TARGET_NAME)";
				SDKROOT = macosx;
				SUPPORTED_PLATFORMS = "$(AVAILABLE_PLATFORMS)";
				SUPPORTS_MACCATALYST = YES;
				SWIFT_ACTIVE_COMPILATION_CONDITIONS = "$(inherited) SWIFT_PACKAGE DEBUG";
				SWIFT_OPTIMIZATION_LEVEL = "-Onone";
				USE_HEADERMAP = NO;
			};
			name = Debug;
		};
		OBJ_37 /* Debug */ = {
			isa = XCBuildConfiguration;
			buildSettings = {
			};
			name = Debug;
		};
		OBJ_38 /* Release */ = {
			isa = XCBuildConfiguration;
			buildSettings = {
			};
			name = Release;
		};
		OBJ_4 /* Release */ = {
			isa = XCBuildConfiguration;
			buildSettings = {
				CLANG_ENABLE_OBJC_ARC = YES;
				COMBINE_HIDPI_IMAGES = YES;
				COPY_PHASE_STRIP = YES;
				DEBUG_INFORMATION_FORMAT = "dwarf-with-dsym";
				DYLIB_INSTALL_NAME_BASE = "@rpath";
				GCC_OPTIMIZATION_LEVEL = s;
				GCC_PREPROCESSOR_DEFINITIONS = (
					"$(inherited)",
					"SWIFT_PACKAGE=1",
				);
				MACOSX_DEPLOYMENT_TARGET = 10.10;
				OTHER_SWIFT_FLAGS = "$(inherited) -DXcode";
				PRODUCT_NAME = "$(TARGET_NAME)";
				SDKROOT = macosx;
				SUPPORTED_PLATFORMS = "$(AVAILABLE_PLATFORMS)";
				SUPPORTS_MACCATALYST = YES;
				SWIFT_ACTIVE_COMPILATION_CONDITIONS = "$(inherited) SWIFT_PACKAGE";
				SWIFT_OPTIMIZATION_LEVEL = "-Owholemodule";
				USE_HEADERMAP = NO;
			};
			name = Release;
		};
		OBJ_43 /* Debug */ = {
			isa = XCBuildConfiguration;
			buildSettings = {
				LD = /usr/bin/true;
				OTHER_SWIFT_FLAGS = "-swift-version 5 -I $(TOOLCHAIN_DIR)/usr/lib/swift/pm/4_2 -sdk /Applications/Xcode.app/Contents/Developer/Platforms/MacOSX.platform/Developer/SDKs/MacOSX11.3.sdk -package-description-version 5.3.0";
				SWIFT_VERSION = 5.0;
			};
			name = Debug;
		};
		OBJ_44 /* Release */ = {
			isa = XCBuildConfiguration;
			buildSettings = {
				LD = /usr/bin/true;
				OTHER_SWIFT_FLAGS = "-swift-version 5 -I $(TOOLCHAIN_DIR)/usr/lib/swift/pm/4_2 -sdk /Applications/Xcode.app/Contents/Developer/Platforms/MacOSX.platform/Developer/SDKs/MacOSX11.3.sdk -package-description-version 5.3.0";
				SWIFT_VERSION = 5.0;
			};
			name = Release;
		};
		OBJ_49 /* Debug */ = {
			isa = XCBuildConfiguration;
			buildSettings = {
			};
			name = Debug;
		};
		OBJ_50 /* Release */ = {
			isa = XCBuildConfiguration;
			buildSettings = {
			};
			name = Release;
		};
		OBJ_54 /* Debug */ = {
			isa = XCBuildConfiguration;
			buildSettings = {
				CURRENT_PROJECT_VERSION = 1;
				ENABLE_TESTABILITY = YES;
				FRAMEWORK_SEARCH_PATHS = (
					"$(inherited)",
					"$(PLATFORM_DIR)/Developer/Library/Frameworks",
				);
				HEADER_SEARCH_PATHS = "$(inherited)";
				INFOPLIST_FILE = Pigeon.xcodeproj/PigeonService_Info.plist;
				IPHONEOS_DEPLOYMENT_TARGET = 13.0;
				LD_RUNPATH_SEARCH_PATHS = "$(inherited) $(TOOLCHAIN_DIR)/usr/lib/swift/macosx";
				MACOSX_DEPLOYMENT_TARGET = 10.10;
				OTHER_CFLAGS = "$(inherited)";
				OTHER_LDFLAGS = "$(inherited)";
				OTHER_SWIFT_FLAGS = "$(inherited)";
				PRODUCT_BUNDLE_IDENTIFIER = PigeonService;
				PRODUCT_MODULE_NAME = "$(TARGET_NAME:c99extidentifier)";
				PRODUCT_NAME = "$(TARGET_NAME:c99extidentifier)";
				SKIP_INSTALL = YES;
				SWIFT_ACTIVE_COMPILATION_CONDITIONS = "$(inherited)";
				SWIFT_VERSION = 5.0;
				TARGET_NAME = PigeonService;
				TVOS_DEPLOYMENT_TARGET = 9.0;
				WATCHOS_DEPLOYMENT_TARGET = 2.0;
			};
			name = Debug;
		};
		OBJ_55 /* Release */ = {
			isa = XCBuildConfiguration;
			buildSettings = {
				CURRENT_PROJECT_VERSION = 1;
				ENABLE_TESTABILITY = YES;
				FRAMEWORK_SEARCH_PATHS = (
					"$(inherited)",
					"$(PLATFORM_DIR)/Developer/Library/Frameworks",
				);
				HEADER_SEARCH_PATHS = "$(inherited)";
				INFOPLIST_FILE = Pigeon.xcodeproj/PigeonService_Info.plist;
				IPHONEOS_DEPLOYMENT_TARGET = 13.0;
				LD_RUNPATH_SEARCH_PATHS = "$(inherited) $(TOOLCHAIN_DIR)/usr/lib/swift/macosx";
				MACOSX_DEPLOYMENT_TARGET = 10.10;
				OTHER_CFLAGS = "$(inherited)";
				OTHER_LDFLAGS = "$(inherited)";
				OTHER_SWIFT_FLAGS = "$(inherited)";
				PRODUCT_BUNDLE_IDENTIFIER = PigeonService;
				PRODUCT_MODULE_NAME = "$(TARGET_NAME:c99extidentifier)";
				PRODUCT_NAME = "$(TARGET_NAME:c99extidentifier)";
				SKIP_INSTALL = YES;
				SWIFT_ACTIVE_COMPILATION_CONDITIONS = "$(inherited)";
				SWIFT_VERSION = 5.0;
				TARGET_NAME = PigeonService;
				TVOS_DEPLOYMENT_TARGET = 9.0;
				WATCHOS_DEPLOYMENT_TARGET = 2.0;
			};
			name = Release;
		};
		OBJ_66 /* Debug */ = {
			isa = XCBuildConfiguration;
			buildSettings = {
				CLANG_ENABLE_MODULES = YES;
				CURRENT_PROJECT_VERSION = 1;
				EMBEDDED_CONTENT_CONTAINS_SWIFT = YES;
				FRAMEWORK_SEARCH_PATHS = (
					"$(inherited)",
					"$(PLATFORM_DIR)/Developer/Library/Frameworks",
				);
				HEADER_SEARCH_PATHS = "$(inherited)";
				INFOPLIST_FILE = Pigeon.xcodeproj/UnitTests_Info.plist;
				IPHONEOS_DEPLOYMENT_TARGET = 14.0;
				LD_RUNPATH_SEARCH_PATHS = "$(inherited) @loader_path/../Frameworks @loader_path/Frameworks";
				MACOSX_DEPLOYMENT_TARGET = 10.15;
				OTHER_CFLAGS = "$(inherited)";
				OTHER_LDFLAGS = "$(inherited)";
				OTHER_SWIFT_FLAGS = "$(inherited)";
				SWIFT_ACTIVE_COMPILATION_CONDITIONS = "$(inherited) XCODE_UNIT_TEST_TARGET";
				SWIFT_VERSION = 5.0;
				TARGET_NAME = UnitTests;
				TVOS_DEPLOYMENT_TARGET = 9.0;
				WATCHOS_DEPLOYMENT_TARGET = 7.0;
			};
			name = Debug;
		};
		OBJ_67 /* Release */ = {
			isa = XCBuildConfiguration;
			buildSettings = {
				CLANG_ENABLE_MODULES = YES;
				CURRENT_PROJECT_VERSION = 1;
				EMBEDDED_CONTENT_CONTAINS_SWIFT = YES;
				FRAMEWORK_SEARCH_PATHS = (
					"$(inherited)",
					"$(PLATFORM_DIR)/Developer/Library/Frameworks",
				);
				HEADER_SEARCH_PATHS = "$(inherited)";
				INFOPLIST_FILE = Pigeon.xcodeproj/UnitTests_Info.plist;
				IPHONEOS_DEPLOYMENT_TARGET = 14.0;
				LD_RUNPATH_SEARCH_PATHS = "$(inherited) @loader_path/../Frameworks @loader_path/Frameworks";
				MACOSX_DEPLOYMENT_TARGET = 10.15;
				OTHER_CFLAGS = "$(inherited)";
				OTHER_LDFLAGS = "$(inherited)";
				OTHER_SWIFT_FLAGS = "$(inherited)";
				SWIFT_ACTIVE_COMPILATION_CONDITIONS = "$(inherited) XCODE_UNIT_TEST_TARGET";
				SWIFT_VERSION = 5.0;
				TARGET_NAME = UnitTests;
				TVOS_DEPLOYMENT_TARGET = 9.0;
				WATCHOS_DEPLOYMENT_TARGET = 7.0;
			};
			name = Release;
		};
/* End XCBuildConfiguration section */

/* Begin XCConfigurationList section */
		OBJ_2 /* Build configuration list for PBXProject "Pigeon" */ = {
			isa = XCConfigurationList;
			buildConfigurations = (
				OBJ_3 /* Debug */,
				OBJ_4 /* Release */,
			);
			defaultConfigurationIsVisible = 0;
			defaultConfigurationName = Release;
		};
		OBJ_36 /* Build configuration list for PBXAggregateTarget "Pigeon" */ = {
			isa = XCConfigurationList;
			buildConfigurations = (
				OBJ_37 /* Debug */,
				OBJ_38 /* Release */,
			);
			defaultConfigurationIsVisible = 0;
			defaultConfigurationName = Release;
		};
		OBJ_42 /* Build configuration list for PBXNativeTarget "PigeonPackageDescription" */ = {
			isa = XCConfigurationList;
			buildConfigurations = (
				OBJ_43 /* Debug */,
				OBJ_44 /* Release */,
			);
			defaultConfigurationIsVisible = 0;
			defaultConfigurationName = Release;
		};
		OBJ_48 /* Build configuration list for PBXAggregateTarget "PigeonPackageTests" */ = {
			isa = XCConfigurationList;
			buildConfigurations = (
				OBJ_49 /* Debug */,
				OBJ_50 /* Release */,
			);
			defaultConfigurationIsVisible = 0;
			defaultConfigurationName = Release;
		};
		OBJ_53 /* Build configuration list for PBXNativeTarget "PigeonService" */ = {
			isa = XCConfigurationList;
			buildConfigurations = (
				OBJ_54 /* Debug */,
				OBJ_55 /* Release */,
			);
			defaultConfigurationIsVisible = 0;
			defaultConfigurationName = Release;
		};
		OBJ_65 /* Build configuration list for PBXNativeTarget "UnitTests" */ = {
			isa = XCConfigurationList;
			buildConfigurations = (
				OBJ_66 /* Debug */,
				OBJ_67 /* Release */,
			);
			defaultConfigurationIsVisible = 0;
			defaultConfigurationName = Release;
		};
/* End XCConfigurationList section */
	};
	rootObject = OBJ_1 /* Project object */;
}
